
Microsoft Visual Studio Solution File, Format Version 12.00
# Visual Studio Version 16
VisualStudioVersion = 16.0.31410.357
MinimumVisualStudioVersion = 10.0.40219.1
Project("{9A19103F-16F7-4668-BE54-9A1E7A4F7556}") = "BackEnd", "BackEnd\BackEnd.csproj", "{80DD19BA-47A4-4E9D-8F31-C0A882E5FA3A}"
EndProject
Project("{9A19103F-16F7-4668-BE54-9A1E7A4F7556}") = "IIG_Models", "IIG_Models\IIG_Models.csproj", "{18CB5B9A-142A-4088-9AF0-3FC42C7423F7}"
EndProject
Project("{FAE04EC0-301F-11D3-BF4B-00C04F79EFBC}") = "IIG.Common.Models", "IIG.Common.Models\IIG.Common.Models.csproj", "{3783FB27-910D-4322-ADAF-D1FD427B5391}"
EndProject
Global
	GlobalSection(SolutionConfigurationPlatforms) = preSolution
		Debug|Any CPU = Debug|Any CPU
		Release|Any CPU = Release|Any CPU
	EndGlobalSection
	GlobalSection(ProjectConfigurationPlatforms) = postSolution
		{80DD19BA-47A4-4E9D-8F31-C0A882E5FA3A}.Debug|Any CPU.ActiveCfg = Debug|Any CPU
		{80DD19BA-47A4-4E9D-8F31-C0A882E5FA3A}.Debug|Any CPU.Build.0 = Debug|Any CPU
		{80DD19BA-47A4-4E9D-8F31-C0A882E5FA3A}.Release|Any CPU.ActiveCfg = Release|Any CPU
		{80DD19BA-47A4-4E9D-8F31-C0A882E5FA3A}.Release|Any CPU.Build.0 = Release|Any CPU
		{18CB5B9A-142A-4088-9AF0-3FC42C7423F7}.Debug|Any CPU.ActiveCfg = Debug|Any CPU
		{18CB5B9A-142A-4088-9AF0-3FC42C7423F7}.Debug|Any CPU.Build.0 = Debug|Any CPU
		{18CB5B9A-142A-4088-9AF0-3FC42C7423F7}.Release|Any CPU.ActiveCfg = Release|Any CPU
		{18CB5B9A-142A-4088-9AF0-3FC42C7423F7}.Release|Any CPU.Build.0 = Release|Any CPU
		{3783FB27-910D-4322-ADAF-D1FD427B5391}.Debug|Any CPU.ActiveCfg = Debug|Any CPU
		{3783FB27-910D-4322-ADAF-D1FD427B5391}.Debug|Any CPU.Build.0 = Debug|Any CPU
		{3783FB27-910D-4322-ADAF-D1FD427B5391}.Release|Any CPU.ActiveCfg = Release|Any CPU
		{3783FB27-910D-4322-ADAF-D1FD427B5391}.Release|Any CPU.Build.0 = Release|Any CPU
	EndGlobalSection
	GlobalSection(SolutionProperties) = preSolution
		HideSolutionNode = FALSE
	EndGlobalSection
	GlobalSection(ExtensibilityGlobals) = postSolution
		SolutionGuid = {451D9C3F-9E0A-415E-B1D0-7398D611C12C}
	EndGlobalSection
EndGlobal
